
Microsoft Visual Studio Solution File, Format Version 12.00
# Visual Studio Version 17
VisualStudioVersion = 17.8.34330.188
MinimumVisualStudioVersion = 10.0.40219.1
Project("{9A19103F-16F7-4668-BE54-9A1E7A4F7556}") = "Linalg", "Linalg\Linalg.csproj", "{AAE40D09-9215-465C-BBC3-EB81EB56ED41}"
EndProject
Project("{9A19103F-16F7-4668-BE54-9A1E7A4F7556}") = "UI", "UI\UI.csproj", "{6246FB38-17F5-4C71-809B-366800F3F966}"
EndProject
Global
	GlobalSection(SolutionConfigurationPlatforms) = preSolution
		Debug|Any CPU = Debug|Any CPU
		Release|Any CPU = Release|Any CPU
	EndGlobalSection
	GlobalSection(ProjectConfigurationPlatforms) = postSolution
		{AAE40D09-9215-465C-BBC3-EB81EB56ED41}.Debug|Any CPU.ActiveCfg = Debug|Any CPU
		{AAE40D09-9215-465C-BBC3-EB81EB56ED41}.Debug|Any CPU.Build.0 = Debug|Any CPU
		{AAE40D09-9215-465C-BBC3-EB81EB56ED41}.Release|Any CPU.ActiveCfg = Release|Any CPU
		{AAE40D09-9215-465C-BBC3-EB81EB56ED41}.Release|Any CPU.Build.0 = Release|Any CPU
		{6246FB38-17F5-4C71-809B-366800F3F966}.Debug|Any CPU.ActiveCfg = Debug|Any CPU
		{6246FB38-17F5-4C71-809B-366800F3F966}.Debug|Any CPU.Build.0 = Debug|Any CPU
		{6246FB38-17F5-4C71-809B-366800F3F966}.Release|Any CPU.ActiveCfg = Release|Any CPU
		{6246FB38-17F5-4C71-809B-366800F3F966}.Release|Any CPU.Build.0 = Release|Any CPU
	EndGlobalSection
	GlobalSection(SolutionProperties) = preSolution
		HideSolutionNode = FALSE
	EndGlobalSection
	GlobalSection(ExtensibilityGlobals) = postSolution
		SolutionGuid = {29902427-DCED-49C6-BD3A-0F35882F6071}
	EndGlobalSection
EndGlobal
